
Microsoft Visual Studio Solution File, Format Version 12.00
# Visual Studio Version 17
VisualStudioVersion = 17.13.35931.197 d17.13
MinimumVisualStudioVersion = 10.0.40219.1
Project("{FAE04EC0-301F-11D3-BF4B-00C04F79EFBC}") = "SchoolSystem", "SchoolSystem\SchoolSystem.csproj", "{99BE7D62-92E4-4296-A74B-3F301BB2A293}"
EndProject
Global
	GlobalSection(SolutionConfigurationPlatforms) = preSolution
		Debug|Any CPU = Debug|Any CPU
		Release|Any CPU = Release|Any CPU
	EndGlobalSection
	GlobalSection(ProjectConfigurationPlatforms) = postSolution
		{99BE7D62-92E4-4296-A74B-3F301BB2A293}.Debug|Any CPU.ActiveCfg = Debug|Any CPU
		{99BE7D62-92E4-4296-A74B-3F301BB2A293}.Debug|Any CPU.Build.0 = Debug|Any CPU
		{99BE7D62-92E4-4296-A74B-3F301BB2A293}.Release|Any CPU.ActiveCfg = Release|Any CPU
		{99BE7D62-92E4-4296-A74B-3F301BB2A293}.Release|Any CPU.Build.0 = Release|Any CPU
	EndGlobalSection
	GlobalSection(SolutionProperties) = preSolution
		HideSolutionNode = FALSE
	EndGlobalSection
	GlobalSection(ExtensibilityGlobals) = postSolution
		SolutionGuid = {D6646968-6F5B-48C4-B8C4-25DBFCA68609}
	EndGlobalSection
EndGlobal
